// !$*UTF8*$!
{
	archiveVersion = 1;
	classes = {
	};
	objectVersion = 46;
	objects = {

/* Begin PBXBuildFile section */
		1B1667F4B6A80AD467767281 /* Pods_SocialLogin.framework in Frameworks */ = {isa = PBXBuildFile; fileRef = 3D161302558FA06B48F3653C /* Pods_SocialLogin.framework */; };
		2CC1904E1DC45360006E2419 /* AppDelegate.swift in Sources */ = {isa = PBXBuildFile; fileRef = 2CC1904D1DC45360006E2419 /* AppDelegate.swift */; };
		2CC190501DC45360006E2419 /* ViewController.swift in Sources */ = {isa = PBXBuildFile; fileRef = 2CC1904F1DC45360006E2419 /* ViewController.swift */; };
		2CC190531DC45360006E2419 /* Main.storyboard in Resources */ = {isa = PBXBuildFile; fileRef = 2CC190511DC45360006E2419 /* Main.storyboard */; };
		2CC190551DC45360006E2419 /* Assets.xcassets in Resources */ = {isa = PBXBuildFile; fileRef = 2CC190541DC45360006E2419 /* Assets.xcassets */; };
		2CC190581DC45360006E2419 /* LaunchScreen.storyboard in Resources */ = {isa = PBXBuildFile; fileRef = 2CC190561DC45360006E2419 /* LaunchScreen.storyboard */; };
/* End PBXBuildFile section */

/* Begin PBXFileReference section */
		2CC1904A1DC45360006E2419 /* SocialLogin.app */ = {isa = PBXFileReference; explicitFileType = wrapper.application; includeInIndex = 0; path = SocialLogin.app; sourceTree = BUILT_PRODUCTS_DIR; };
		2CC1904D1DC45360006E2419 /* AppDelegate.swift */ = {isa = PBXFileReference; lastKnownFileType = sourcecode.swift; path = AppDelegate.swift; sourceTree = "<group>"; };
		2CC1904F1DC45360006E2419 /* ViewController.swift */ = {isa = PBXFileReference; lastKnownFileType = sourcecode.swift; path = ViewController.swift; sourceTree = "<group>"; };
		2CC190521DC45360006E2419 /* Base */ = {isa = PBXFileReference; lastKnownFileType = file.storyboard; name = Base; path = Base.lproj/Main.storyboard; sourceTree = "<group>"; };
		2CC190541DC45360006E2419 /* Assets.xcassets */ = {isa = PBXFileReference; lastKnownFileType = folder.assetcatalog; path = Assets.xcassets; sourceTree = "<group>"; };
		2CC190571DC45360006E2419 /* Base */ = {isa = PBXFileReference; lastKnownFileType = file.storyboard; name = Base; path = Base.lproj/LaunchScreen.storyboard; sourceTree = "<group>"; };
		2CC190591DC45360006E2419 /* Info.plist */ = {isa = PBXFileReference; lastKnownFileType = text.plist.xml; path = Info.plist; sourceTree = "<group>"; };
		2CC1905F1DC45EA5006E2419 /* SocialLogin.entitlements */ = {isa = PBXFileReference; lastKnownFileType = text.plist.entitlements; path = SocialLogin.entitlements; sourceTree = "<group>"; };
		3D161302558FA06B48F3653C /* Pods_SocialLogin.framework */ = {isa = PBXFileReference; explicitFileType = wrapper.framework; includeInIndex = 0; path = Pods_SocialLogin.framework; sourceTree = BUILT_PRODUCTS_DIR; };
		714D4CD422993452DE000B32 /* Pods-SocialLogin.release.xcconfig */ = {isa = PBXFileReference; includeInIndex = 1; lastKnownFileType = text.xcconfig; name = "Pods-SocialLogin.release.xcconfig"; path = "Pods/Target Support Files/Pods-SocialLogin/Pods-SocialLogin.release.xcconfig"; sourceTree = "<group>"; };
		F37B3C8580F83E8C11FAA501 /* Pods-SocialLogin.debug.xcconfig */ = {isa = PBXFileReference; includeInIndex = 1; lastKnownFileType = text.xcconfig; name = "Pods-SocialLogin.debug.xcconfig"; path = "Pods/Target Support Files/Pods-SocialLogin/Pods-SocialLogin.debug.xcconfig"; sourceTree = "<group>"; };
/* End PBXFileReference section */

/* Begin PBXFrameworksBuildPhase section */
		2CC190471DC45360006E2419 /* Frameworks */ = {
			isa = PBXFrameworksBuildPhase;
			buildActionMask = 2147483647;
			files = (
				1B1667F4B6A80AD467767281 /* Pods_SocialLogin.framework in Frameworks */,
			);
			runOnlyForDeploymentPostprocessing = 0;
		};
/* End PBXFrameworksBuildPhase section */

/* Begin PBXGroup section */
		2CC190411DC45360006E2419 = {
			isa = PBXGroup;
			children = (
				2CC1904C1DC45360006E2419 /* SocialLogin */,
				2CC1904B1DC45360006E2419 /* Products */,
				FA1444499A2B9A47295BCF90 /* Pods */,
				82CC59DD36A45C701F8E7659 /* Frameworks */,
			);
			sourceTree = "<group>";
		};
		2CC1904B1DC45360006E2419 /* Products */ = {
			isa = PBXGroup;
			children = (
				2CC1904A1DC45360006E2419 /* SocialLogin.app */,
			);
			name = Products;
			sourceTree = "<group>";
		};
		2CC1904C1DC45360006E2419 /* SocialLogin */ = {
			isa = PBXGroup;
			children = (
				2CC1905F1DC45EA5006E2419 /* SocialLogin.entitlements */,
				2CC1904D1DC45360006E2419 /* AppDelegate.swift */,
				2CC1904F1DC45360006E2419 /* ViewController.swift */,
				2CC190511DC45360006E2419 /* Main.storyboard */,
				2CC190541DC45360006E2419 /* Assets.xcassets */,
				2CC190561DC45360006E2419 /* LaunchScreen.storyboard */,
				2CC190591DC45360006E2419 /* Info.plist */,
			);
			path = SocialLogin;
			sourceTree = "<group>";
		};
		82CC59DD36A45C701F8E7659 /* Frameworks */ = {
			isa = PBXGroup;
			children = (
				3D161302558FA06B48F3653C /* Pods_SocialLogin.framework */,
			);
			name = Frameworks;
			sourceTree = "<group>";
		};
		FA1444499A2B9A47295BCF90 /* Pods */ = {
			isa = PBXGroup;
			children = (
				F37B3C8580F83E8C11FAA501 /* Pods-SocialLogin.debug.xcconfig */,
				714D4CD422993452DE000B32 /* Pods-SocialLogin.release.xcconfig */,
			);
			name = Pods;
			sourceTree = "<group>";
		};
/* End PBXGroup section */

/* Begin PBXNativeTarget section */
		2CC190491DC45360006E2419 /* SocialLogin */ = {
			isa = PBXNativeTarget;
			buildConfigurationList = 2CC1905C1DC45360006E2419 /* Build configuration list for PBXNativeTarget "SocialLogin" */;
			buildPhases = (
				68153620B614E9D038F4AC36 /* [CP] Check Pods Manifest.lock */,
				2CC190461DC45360006E2419 /* Sources */,
				2CC190471DC45360006E2419 /* Frameworks */,
				2CC190481DC45360006E2419 /* Resources */,
				C51CC435D60ABBB4A7871B25 /* [CP] Embed Pods Frameworks */,
				427DE60F07363A76C3B20605 /* [CP] Copy Pods Resources */,
			);
			buildRules = (
			);
			dependencies = (
			);
			name = SocialLogin;
			productName = SocialLogin;
			productReference = 2CC1904A1DC45360006E2419 /* SocialLogin.app */;
			productType = "com.apple.product-type.application";
		};
/* End PBXNativeTarget section */

/* Begin PBXProject section */
		2CC190421DC45360006E2419 /* Project object */ = {
			isa = PBXProject;
			attributes = {
				LastSwiftUpdateCheck = 0810;
				LastUpgradeCheck = 0810;
				ORGANIZATIONNAME = "Dante Solorio";
				TargetAttributes = {
					2CC190491DC45360006E2419 = {
						CreatedOnToolsVersion = 8.1;
						DevelopmentTeam = 4MCA4N9ZYA;
						ProvisioningStyle = Automatic;
						SystemCapabilities = {
							com.apple.Keychain = {
								enabled = 1;
							};
						};
					};
				};
			};
			buildConfigurationList = 2CC190451DC45360006E2419 /* Build configuration list for PBXProject "SocialLogin" */;
			compatibilityVersion = "Xcode 3.2";
			developmentRegion = English;
			hasScannedForEncodings = 0;
			knownRegions = (
				en,
				Base,
			);
			mainGroup = 2CC190411DC45360006E2419;
			productRefGroup = 2CC1904B1DC45360006E2419 /* Products */;
			projectDirPath = "";
			projectRoot = "";
			targets = (
				2CC190491DC45360006E2419 /* SocialLogin */,
			);
		};
/* End PBXProject section */

/* Begin PBXResourcesBuildPhase section */
		2CC190481DC45360006E2419 /* Resources */ = {
			isa = PBXResourcesBuildPhase;
			buildActionMask = 2147483647;
			files = (
				2CC190581DC45360006E2419 /* LaunchScreen.storyboard in Resources */,
				2CC190551DC45360006E2419 /* Assets.xcassets in Resources */,
				2CC190531DC45360006E2419 /* Main.storyboard in Resources */,
			);
			runOnlyForDeploymentPostprocessing = 0;
		};
/* End PBXResourcesBuildPhase section */

/* Begin PBXShellScriptBuildPhase section */
		427DE60F07363A76C3B20605 /* [CP] Copy Pods Resources */ = {
			isa = PBXShellScriptBuildPhase;
			buildActionMask = 2147483647;
			files = (
			);
			inputPaths = (
			);
			name = "[CP] Copy Pods Resources";
			outputPaths = (
			);
			runOnlyForDeploymentPostprocessing = 0;
			shellPath = /bin/sh;
			shellScript = "\"${SRCROOT}/Pods/Target Support Files/Pods-SocialLogin/Pods-SocialLogin-resources.sh\"\n";
			showEnvVarsInLog = 0;
		};
		68153620B614E9D038F4AC36 /* [CP] Check Pods Manifest.lock */ = {
			isa = PBXShellScriptBuildPhase;
			buildActionMask = 2147483647;
			files = (
			);
			inputPaths = (
			);
			name = "[CP] Check Pods Manifest.lock";
			outputPaths = (
			);
			runOnlyForDeploymentPostprocessing = 0;
			shellPath = /bin/sh;
			shellScript = "diff \"${PODS_ROOT}/../Podfile.lock\" \"${PODS_ROOT}/Manifest.lock\" > /dev/null\nif [[ $? != 0 ]] ; then\n    cat << EOM\nerror: The sandbox is not in sync with the Podfile.lock. Run 'pod install' or update your CocoaPods installation.\nEOM\n    exit 1\nfi\n";
			showEnvVarsInLog = 0;
		};
		C51CC435D60ABBB4A7871B25 /* [CP] Embed Pods Frameworks */ = {
			isa = PBXShellScriptBuildPhase;
			buildActionMask = 2147483647;
			files = (
			);
			inputPaths = (
			);
			name = "[CP] Embed Pods Frameworks";
			outputPaths = (
			);
			runOnlyForDeploymentPostprocessing = 0;
			shellPath = /bin/sh;
			shellScript = "\"${SRCROOT}/Pods/Target Support Files/Pods-SocialLogin/Pods-SocialLogin-frameworks.sh\"\n";
			showEnvVarsInLog = 0;
		};
/* End PBXShellScriptBuildPhase section */

/* Begin PBXSourcesBuildPhase section */
		2CC190461DC45360006E2419 /* Sources */ = {
			isa = PBXSourcesBuildPhase;
			buildActionMask = 2147483647;
			files = (
				2CC190501DC45360006E2419 /* ViewController.swift in Sources */,
				2CC1904E1DC45360006E2419 /* AppDelegate.swift in Sources */,
			);
			runOnlyForDeploymentPostprocessing = 0;
		};
/* End PBXSourcesBuildPhase section */

/* Begin PBXVariantGroup section */
		2CC190511DC45360006E2419 /* Main.storyboard */ = {
			isa = PBXVariantGroup;
			children = (
				2CC190521DC45360006E2419 /* Base */,
			);
			name = Main.storyboard;
			sourceTree = "<group>";
		};
		2CC190561DC45360006E2419 /* LaunchScreen.storyboard */ = {
			isa = PBXVariantGroup;
			children = (
				2CC190571DC45360006E2419 /* Base */,
			);
			name = LaunchScreen.storyboard;
			sourceTree = "<group>";
		};
/* End PBXVariantGroup section */

/* Begin XCBuildConfiguration section */
		2CC1905A1DC45360006E2419 /* Debug */ = {
			isa = XCBuildConfiguration;
			buildSettings = {
				ALWAYS_SEARCH_USER_PATHS = NO;
				CLANG_ANALYZER_NONNULL = YES;
				CLANG_CXX_LANGUAGE_STANDARD = "gnu++0x";
				CLANG_CXX_LIBRARY = "libc++";
				CLANG_ENABLE_MODULES = YES;
				CLANG_ENABLE_OBJC_ARC = YES;
				CLANG_WARN_BOOL_CONVERSION = YES;
				CLANG_WARN_CONSTANT_CONVERSION = YES;
				CLANG_WARN_DIRECT_OBJC_ISA_USAGE = YES_ERROR;
				CLANG_WARN_DOCUMENTATION_COMMENTS = YES;
				CLANG_WARN_EMPTY_BODY = YES;
				CLANG_WARN_ENUM_CONVERSION = YES;
				CLANG_WARN_INFINITE_RECURSION = YES;
				CLANG_WARN_INT_CONVERSION = YES;
				CLANG_WARN_OBJC_ROOT_CLASS = YES_ERROR;
				CLANG_WARN_SUSPICIOUS_MOVES = YES;
				CLANG_WARN_UNREACHABLE_CODE = YES;
				CLANG_WARN__DUPLICATE_METHOD_MATCH = YES;
				"CODE_SIGN_IDENTITY[sdk=iphoneos*]" = "iPhone Developer";
				COPY_PHASE_STRIP = NO;
				DEBUG_INFORMATION_FORMAT = dwarf;
				ENABLE_STRICT_OBJC_MSGSEND = YES;
				ENABLE_TESTABILITY = YES;
				GCC_C_LANGUAGE_STANDARD = gnu99;
				GCC_DYNAMIC_NO_PIC = NO;
				GCC_NO_COMMON_BLOCKS = YES;
				GCC_OPTIMIZATION_LEVEL = 0;
				GCC_PREPROCESSOR_DEFINITIONS = (
					"DEBUG=1",
					"$(inherited)",
				);
				GCC_WARN_64_TO_32_BIT_CONVERSION = YES;
				GCC_WARN_ABOUT_RETURN_TYPE = YES_ERROR;
				GCC_WARN_UNDECLARED_SELECTOR = YES;
				GCC_WARN_UNINITIALIZED_AUTOS = YES_AGGRESSIVE;
				GCC_WARN_UNUSED_FUNCTION = YES;
				GCC_WARN_UNUSED_VARIABLE = YES;
				IPHONEOS_DEPLOYMENT_TARGET = 10.1;
				MTL_ENABLE_DEBUG_INFO = YES;
				ONLY_ACTIVE_ARCH = YES;
				SDKROOT = iphoneos;
				SWIFT_ACTIVE_COMPILATION_CONDITIONS = DEBUG;
				SWIFT_OPTIMIZATION_LEVEL = "-Onone";
				TARGETED_DEVICE_FAMILY = "1,2";
			};
			name = Debug;
		};
		2CC1905B1DC45360006E2419 /* Release */ = {
			isa = XCBuildConfiguration;
			buildSettings = {
				ALWAYS_SEARCH_USER_PATHS = NO;
				CLANG_ANALYZER_NONNULL = YES;
				CLANG_CXX_LANGUAGE_STANDARD = "gnu++0x";
				CLANG_CXX_LIBRARY = "libc++";
				CLANG_ENABLE_MODULES = YES;
				CLANG_ENABLE_OBJC_ARC = YES;
				CLANG_WARN_BOOL_CONVERSION = YES;
				CLANG_WARN_CONSTANT_CONVERSION = YES;
				CLANG_WARN_DIRECT_OBJC_ISA_USAGE = YES_ERROR;
				CLANG_WARN_DOCUMENTATION_COMMENTS = YES;
				CLANG_WARN_EMPTY_BODY = YES;
				CLANG_WARN_ENUM_CONVERSION = YES;
				CLANG_WARN_INFINITE_RECURSION = YES;
				CLANG_WARN_INT_CONVERSION = YES;
				CLANG_WARN_OBJC_ROOT_CLASS = YES_ERROR;
				CLANG_WARN_SUSPICIOUS_MOVES = YES;
				CLANG_WARN_UNREACHABLE_CODE = YES;
				CLANG_WARN__DUPLICATE_METHOD_MATCH = YES;
				"CODE_SIGN_IDENTITY[sdk=iphoneos*]" = "iPhone Developer";
				COPY_PHASE_STRIP = NO;
				DEBUG_INFORMATION_FORMAT = "dwarf-with-dsym";
				ENABLE_NS_ASSERTIONS = NO;
				ENABLE_STRICT_OBJC_MSGSEND = YES;
				GCC_C_LANGUAGE_STANDARD = gnu99;
				GCC_NO_COMMON_BLOCKS = YES;
				GCC_WARN_64_TO_32_BIT_CONVERSION = YES;
				GCC_WARN_ABOUT_RETURN_TYPE = YES_ERROR;
				GCC_WARN_UNDECLARED_SELECTOR = YES;
				GCC_WARN_UNINITIALIZED_AUTOS = YES_AGGRESSIVE;
				GCC_WARN_UNUSED_FUNCTION = YES;
				GCC_WARN_UNUSED_VARIABLE = YES;
				IPHONEOS_DEPLOYMENT_TARGET = 10.1;
				MTL_ENABLE_DEBUG_INFO = NO;
				SDKROOT = iphoneos;
				SWIFT_OPTIMIZATION_LEVEL = "-Owholemodule";
				TARGETED_DEVICE_FAMILY = "1,2";
				VALIDATE_PRODUCT = YES;
			};
			name = Release;
		};
		2CC1905D1DC45360006E2419 /* Debug */ = {
			isa = XCBuildConfiguration;
			baseConfigurationReference = F37B3C8580F83E8C11FAA501 /* Pods-SocialLogin.debug.xcconfig */;
			buildSettings = {
				ASSETCATALOG_COMPILER_APPICON_NAME = AppIcon;
				CODE_SIGN_ENTITLEMENTS = SocialLogin/SocialLogin.entitlements;
				DEVELOPMENT_TEAM = 4MCA4N9ZYA;
				INFOPLIST_FILE = SocialLogin/Info.plist;
				LD_RUNPATH_SEARCH_PATHS = "$(inherited) @executable_path/Frameworks";
				PRODUCT_BUNDLE_IDENTIFIER = com.dasogalabs.SocialLogin;
				PRODUCT_NAME = "$(TARGET_NAME)";
				SWIFT_VERSION = 3.0;
			};
			name = Debug;
		};
		2CC1905E1DC45360006E2419 /* Release */ = {
			isa = XCBuildConfiguration;
			baseConfigurationReference = 714D4CD422993452DE000B32 /* Pods-SocialLogin.release.xcconfig */;
			buildSettings = {
				ASSETCATALOG_COMPILER_APPICON_NAME = AppIcon;
				CODE_SIGN_ENTITLEMENTS = SocialLogin/SocialLogin.entitlements;
				DEVELOPMENT_TEAM = 4MCA4N9ZYA;
				INFOPLIST_FILE = SocialLogin/Info.plist;
				LD_RUNPATH_SEARCH_PATHS = "$(inherited) @executable_path/Frameworks";
				PRODUCT_BUNDLE_IDENTIFIER = com.dasogalabs.SocialLogin;
				PRODUCT_NAME = "$(TARGET_NAME)";
				SWIFT_VERSION = 3.0;
			};
			name = Release;
		};
/* End XCBuildConfiguration section */

/* Begin XCConfigurationList section */
		2CC190451DC45360006E2419 /* Build configuration list for PBXProject "SocialLogin" */ = {
			isa = XCConfigurationList;
			buildConfigurations = (
				2CC1905A1DC45360006E2419 /* Debug */,
				2CC1905B1DC45360006E2419 /* Release */,
			);
			defaultConfigurationIsVisible = 0;
			defaultConfigurationName = Release;
		};
		2CC1905C1DC45360006E2419 /* Build configuration list for PBXNativeTarget "SocialLogin" */ = {
			isa = XCConfigurationList;
			buildConfigurations = (
				2CC1905D1DC45360006E2419 /* Debug */,
				2CC1905E1DC45360006E2419 /* Release */,
			);
			defaultConfigurationIsVisible = 0;
			defaultConfigurationName = Release;
		};
/* End XCConfigurationList section */
	};
	rootObject = 2CC190421DC45360006E2419 /* Project object */;
}
